{
  "name": "incrementum",
  "version": "1.0.0",
  "lockfileVersion": 1,
  "requires": true,
  "dependencies": {
    "bootstrap": {
      "version": "5.0.0-beta1",
      "resolved": "https://registry.npmjs.org/bootstrap/-/bootstrap-5.0.0-beta1.tgz",
      "integrity": "sha512-UrHApw/WRmT7l2rlDdn5iXr7Jps/LlMZtJlLn9G41aGDfss48hyDeYyHtX1C6NHKVcmdUarGG+ve0LZB5iHyTQ=="
    },
    "bootstrap-icons": {
      "version": "1.2.2",
      "resolved": "https://registry.npmjs.org/bootstrap-icons/-/bootstrap-icons-1.2.2.tgz",
      "integrity": "sha512-7rFICA7E/CgYLvu8zYtd2wMZYhYPQ0GtogZtQyJz/3melCGeQ76qas5wItIEwiUNmtZWg2SP2p8Ekxy3Nk7vvg=="
    },
    "glider-js": {
      "version": "1.7.3",
      "resolved": "https://registry.npmjs.org/glider-js/-/glider-js-1.7.3.tgz",
      "integrity": "sha512-smiepWalDyBAUtOH6Ev06fHlcQ128OUzGLx97E/9NcR8/fR+uALUVSMytVN6z5pIqO4kDGTzINniqZV2yMf8bg=="
    },
    "hover.css": {
      "version": "2.3.2",
      "resolved": "https://registry.npmjs.org/hover.css/-/hover.css-2.3.2.tgz",
      "integrity": "sha1-8HGT2cdAnU45UTTTsiFbmetV4NM="
    }
  }
}
